
Microsoft Visual Studio Solution File, Format Version 12.00
# Visual Studio Version 16
VisualStudioVersion = 16.0.30523.141
MinimumVisualStudioVersion = 10.0.40219.1
Project("{8BC9CEB8-8B4A-11D0-8D11-00A0C91BC942}") = "Lab №14 dop 14", "Lab №14 dop 14\Lab №14 dop 14.vcxproj", "{99CB3369-7CDF-4AD3-91C8-8A4CD260AA96}"
EndProject
Global
	GlobalSection(SolutionConfigurationPlatforms) = preSolution
		Debug|x64 = Debug|x64
		Debug|x86 = Debug|x86
		Release|x64 = Release|x64
		Release|x86 = Release|x86
	EndGlobalSection
	GlobalSection(ProjectConfigurationPlatforms) = postSolution
		{99CB3369-7CDF-4AD3-91C8-8A4CD260AA96}.Debug|x64.ActiveCfg = Debug|x64
		{99CB3369-7CDF-4AD3-91C8-8A4CD260AA96}.Debug|x64.Build.0 = Debug|x64
		{99CB3369-7CDF-4AD3-91C8-8A4CD260AA96}.Debug|x86.ActiveCfg = Debug|Win32
		{99CB3369-7CDF-4AD3-91C8-8A4CD260AA96}.Debug|x86.Build.0 = Debug|Win32
		{99CB3369-7CDF-4AD3-91C8-8A4CD260AA96}.Release|x64.ActiveCfg = Release|x64
		{99CB3369-7CDF-4AD3-91C8-8A4CD260AA96}.Release|x64.Build.0 = Release|x64
		{99CB3369-7CDF-4AD3-91C8-8A4CD260AA96}.Release|x86.ActiveCfg = Release|Win32
		{99CB3369-7CDF-4AD3-91C8-8A4CD260AA96}.Release|x86.Build.0 = Release|Win32
	EndGlobalSection
	GlobalSection(SolutionProperties) = preSolution
		HideSolutionNode = FALSE
	EndGlobalSection
	GlobalSection(ExtensibilityGlobals) = postSolution
		SolutionGuid = {D8A543E5-890F-4B70-9B75-D1E0B4EA1353}
	EndGlobalSection
EndGlobal
