
Microsoft Visual Studio Solution File, Format Version 12.00
# Visual Studio Version 16
VisualStudioVersion = 16.0.30413.136
MinimumVisualStudioVersion = 10.0.40219.1
Project("{8BC9CEB8-8B4A-11D0-8D11-00A0C91BC942}") = "lab№3v3a", "lab№3v3a\lab№3v3a.vcxproj", "{4E9F6CEA-5FF6-4592-B95E-75AB9C03B1BB}"
EndProject
Global
	GlobalSection(SolutionConfigurationPlatforms) = preSolution
		Debug|x64 = Debug|x64
		Debug|x86 = Debug|x86
		Release|x64 = Release|x64
		Release|x86 = Release|x86
	EndGlobalSection
	GlobalSection(ProjectConfigurationPlatforms) = postSolution
		{4E9F6CEA-5FF6-4592-B95E-75AB9C03B1BB}.Debug|x64.ActiveCfg = Debug|x64
		{4E9F6CEA-5FF6-4592-B95E-75AB9C03B1BB}.Debug|x64.Build.0 = Debug|x64
		{4E9F6CEA-5FF6-4592-B95E-75AB9C03B1BB}.Debug|x86.ActiveCfg = Debug|Win32
		{4E9F6CEA-5FF6-4592-B95E-75AB9C03B1BB}.Debug|x86.Build.0 = Debug|Win32
		{4E9F6CEA-5FF6-4592-B95E-75AB9C03B1BB}.Release|x64.ActiveCfg = Release|x64
		{4E9F6CEA-5FF6-4592-B95E-75AB9C03B1BB}.Release|x64.Build.0 = Release|x64
		{4E9F6CEA-5FF6-4592-B95E-75AB9C03B1BB}.Release|x86.ActiveCfg = Release|Win32
		{4E9F6CEA-5FF6-4592-B95E-75AB9C03B1BB}.Release|x86.Build.0 = Release|Win32
	EndGlobalSection
	GlobalSection(SolutionProperties) = preSolution
		HideSolutionNode = FALSE
	EndGlobalSection
	GlobalSection(ExtensibilityGlobals) = postSolution
		SolutionGuid = {0BEEF0C0-5071-475B-BAEE-C2FED1FD4AFD}
	EndGlobalSection
EndGlobal
