
Microsoft Visual Studio Solution File, Format Version 12.00
# Visual Studio Version 16
VisualStudioVersion = 16.0.30413.136
MinimumVisualStudioVersion = 10.0.40219.1
Project("{8BC9CEB8-8B4A-11D0-8D11-00A0C91BC942}") = "lab №3v2b", "lab №3v2b\lab №3v2b.vcxproj", "{CE446CE1-70BC-45ED-B4A0-C25E36684D2D}"
EndProject
Global
	GlobalSection(SolutionConfigurationPlatforms) = preSolution
		Debug|x64 = Debug|x64
		Debug|x86 = Debug|x86
		Release|x64 = Release|x64
		Release|x86 = Release|x86
	EndGlobalSection
	GlobalSection(ProjectConfigurationPlatforms) = postSolution
		{CE446CE1-70BC-45ED-B4A0-C25E36684D2D}.Debug|x64.ActiveCfg = Debug|x64
		{CE446CE1-70BC-45ED-B4A0-C25E36684D2D}.Debug|x64.Build.0 = Debug|x64
		{CE446CE1-70BC-45ED-B4A0-C25E36684D2D}.Debug|x86.ActiveCfg = Debug|Win32
		{CE446CE1-70BC-45ED-B4A0-C25E36684D2D}.Debug|x86.Build.0 = Debug|Win32
		{CE446CE1-70BC-45ED-B4A0-C25E36684D2D}.Release|x64.ActiveCfg = Release|x64
		{CE446CE1-70BC-45ED-B4A0-C25E36684D2D}.Release|x64.Build.0 = Release|x64
		{CE446CE1-70BC-45ED-B4A0-C25E36684D2D}.Release|x86.ActiveCfg = Release|Win32
		{CE446CE1-70BC-45ED-B4A0-C25E36684D2D}.Release|x86.Build.0 = Release|Win32
	EndGlobalSection
	GlobalSection(SolutionProperties) = preSolution
		HideSolutionNode = FALSE
	EndGlobalSection
	GlobalSection(ExtensibilityGlobals) = postSolution
		SolutionGuid = {6582076E-5E24-4CBE-B761-361E76BF163F}
	EndGlobalSection
EndGlobal
