
Microsoft Visual Studio Solution File, Format Version 12.00
# Visual Studio Version 16
VisualStudioVersion = 16.0.30523.141
MinimumVisualStudioVersion = 10.0.40219.1
Project("{8BC9CEB8-8B4A-11D0-8D11-00A0C91BC942}") = "V1 parabola", "V1 parabola\V1 parabola.vcxproj", "{28789540-4BF7-4E79-8804-77D914F72306}"
EndProject
Global
	GlobalSection(SolutionConfigurationPlatforms) = preSolution
		Debug|x64 = Debug|x64
		Debug|x86 = Debug|x86
		Release|x64 = Release|x64
		Release|x86 = Release|x86
	EndGlobalSection
	GlobalSection(ProjectConfigurationPlatforms) = postSolution
		{28789540-4BF7-4E79-8804-77D914F72306}.Debug|x64.ActiveCfg = Debug|x64
		{28789540-4BF7-4E79-8804-77D914F72306}.Debug|x64.Build.0 = Debug|x64
		{28789540-4BF7-4E79-8804-77D914F72306}.Debug|x86.ActiveCfg = Debug|Win32
		{28789540-4BF7-4E79-8804-77D914F72306}.Debug|x86.Build.0 = Debug|Win32
		{28789540-4BF7-4E79-8804-77D914F72306}.Release|x64.ActiveCfg = Release|x64
		{28789540-4BF7-4E79-8804-77D914F72306}.Release|x64.Build.0 = Release|x64
		{28789540-4BF7-4E79-8804-77D914F72306}.Release|x86.ActiveCfg = Release|Win32
		{28789540-4BF7-4E79-8804-77D914F72306}.Release|x86.Build.0 = Release|Win32
	EndGlobalSection
	GlobalSection(SolutionProperties) = preSolution
		HideSolutionNode = FALSE
	EndGlobalSection
	GlobalSection(ExtensibilityGlobals) = postSolution
		SolutionGuid = {FE9BE7FD-382A-4AF8-B4F0-661DCD2DDB54}
	EndGlobalSection
EndGlobal
