
Microsoft Visual Studio Solution File, Format Version 12.00
# Visual Studio Version 16
VisualStudioVersion = 16.0.30523.141
MinimumVisualStudioVersion = 10.0.40219.1
Project("{8BC9CEB8-8B4A-11D0-8D11-00A0C91BC942}") = "Lab №11 v13", "Lab №11 v13\Lab №11 v13.vcxproj", "{66B0D6F7-D590-452A-9088-714C184F0AF1}"
EndProject
Global
	GlobalSection(SolutionConfigurationPlatforms) = preSolution
		Debug|x64 = Debug|x64
		Debug|x86 = Debug|x86
		Release|x64 = Release|x64
		Release|x86 = Release|x86
	EndGlobalSection
	GlobalSection(ProjectConfigurationPlatforms) = postSolution
		{66B0D6F7-D590-452A-9088-714C184F0AF1}.Debug|x64.ActiveCfg = Debug|x64
		{66B0D6F7-D590-452A-9088-714C184F0AF1}.Debug|x64.Build.0 = Debug|x64
		{66B0D6F7-D590-452A-9088-714C184F0AF1}.Debug|x86.ActiveCfg = Debug|Win32
		{66B0D6F7-D590-452A-9088-714C184F0AF1}.Debug|x86.Build.0 = Debug|Win32
		{66B0D6F7-D590-452A-9088-714C184F0AF1}.Release|x64.ActiveCfg = Release|x64
		{66B0D6F7-D590-452A-9088-714C184F0AF1}.Release|x64.Build.0 = Release|x64
		{66B0D6F7-D590-452A-9088-714C184F0AF1}.Release|x86.ActiveCfg = Release|Win32
		{66B0D6F7-D590-452A-9088-714C184F0AF1}.Release|x86.Build.0 = Release|Win32
	EndGlobalSection
	GlobalSection(SolutionProperties) = preSolution
		HideSolutionNode = FALSE
	EndGlobalSection
	GlobalSection(ExtensibilityGlobals) = postSolution
		SolutionGuid = {C62C6944-AD96-49E3-954D-98BC95728FA8}
	EndGlobalSection
EndGlobal
