
Microsoft Visual Studio Solution File, Format Version 12.00
# Visual Studio Version 16
VisualStudioVersion = 16.0.30523.141
MinimumVisualStudioVersion = 10.0.40219.1
Project("{8BC9CEB8-8B4A-11D0-8D11-00A0C91BC942}") = "Lab №6v13a", "Lab №6v13a\Lab №6v13a.vcxproj", "{84A139EC-7242-49E4-82E3-444B6E1EB625}"
EndProject
Global
	GlobalSection(SolutionConfigurationPlatforms) = preSolution
		Debug|x64 = Debug|x64
		Debug|x86 = Debug|x86
		Release|x64 = Release|x64
		Release|x86 = Release|x86
	EndGlobalSection
	GlobalSection(ProjectConfigurationPlatforms) = postSolution
		{84A139EC-7242-49E4-82E3-444B6E1EB625}.Debug|x64.ActiveCfg = Debug|x64
		{84A139EC-7242-49E4-82E3-444B6E1EB625}.Debug|x64.Build.0 = Debug|x64
		{84A139EC-7242-49E4-82E3-444B6E1EB625}.Debug|x86.ActiveCfg = Debug|Win32
		{84A139EC-7242-49E4-82E3-444B6E1EB625}.Debug|x86.Build.0 = Debug|Win32
		{84A139EC-7242-49E4-82E3-444B6E1EB625}.Release|x64.ActiveCfg = Release|x64
		{84A139EC-7242-49E4-82E3-444B6E1EB625}.Release|x64.Build.0 = Release|x64
		{84A139EC-7242-49E4-82E3-444B6E1EB625}.Release|x86.ActiveCfg = Release|Win32
		{84A139EC-7242-49E4-82E3-444B6E1EB625}.Release|x86.Build.0 = Release|Win32
	EndGlobalSection
	GlobalSection(SolutionProperties) = preSolution
		HideSolutionNode = FALSE
	EndGlobalSection
	GlobalSection(ExtensibilityGlobals) = postSolution
		SolutionGuid = {6B51BFBC-C25E-47A6-9B40-48B2D6BA5FE0}
	EndGlobalSection
EndGlobal
