
Microsoft Visual Studio Solution File, Format Version 12.00
# Visual Studio Version 16
VisualStudioVersion = 16.0.30523.141
MinimumVisualStudioVersion = 10.0.40219.1
Project("{8BC9CEB8-8B4A-11D0-8D11-00A0C91BC942}") = "Lab №13 dop 3", "Lab №13 dop 3\Lab №13 dop 3.vcxproj", "{70A449F5-C2B1-42C9-8AB7-4BB64ADB1B12}"
EndProject
Global
	GlobalSection(SolutionConfigurationPlatforms) = preSolution
		Debug|x64 = Debug|x64
		Debug|x86 = Debug|x86
		Release|x64 = Release|x64
		Release|x86 = Release|x86
	EndGlobalSection
	GlobalSection(ProjectConfigurationPlatforms) = postSolution
		{70A449F5-C2B1-42C9-8AB7-4BB64ADB1B12}.Debug|x64.ActiveCfg = Debug|x64
		{70A449F5-C2B1-42C9-8AB7-4BB64ADB1B12}.Debug|x64.Build.0 = Debug|x64
		{70A449F5-C2B1-42C9-8AB7-4BB64ADB1B12}.Debug|x86.ActiveCfg = Debug|Win32
		{70A449F5-C2B1-42C9-8AB7-4BB64ADB1B12}.Debug|x86.Build.0 = Debug|Win32
		{70A449F5-C2B1-42C9-8AB7-4BB64ADB1B12}.Release|x64.ActiveCfg = Release|x64
		{70A449F5-C2B1-42C9-8AB7-4BB64ADB1B12}.Release|x64.Build.0 = Release|x64
		{70A449F5-C2B1-42C9-8AB7-4BB64ADB1B12}.Release|x86.ActiveCfg = Release|Win32
		{70A449F5-C2B1-42C9-8AB7-4BB64ADB1B12}.Release|x86.Build.0 = Release|Win32
	EndGlobalSection
	GlobalSection(SolutionProperties) = preSolution
		HideSolutionNode = FALSE
	EndGlobalSection
	GlobalSection(ExtensibilityGlobals) = postSolution
		SolutionGuid = {26CD68D8-E354-45A8-A17A-3D878B3647E7}
	EndGlobalSection
EndGlobal
